
Microsoft Visual Studio Solution File, Format Version 12.00
# Visual Studio Version 16
VisualStudioVersion = 16.0.31005.135
MinimumVisualStudioVersion = 10.0.40219.1
Project("{FAE04EC0-301F-11D3-BF4B-00C04F79EFBC}") = "SpecFlowProject1", "SpecFlowProject1.csproj", "{EFE48813-37A0-4E85-8892-C7E43BB25BF6}"
EndProject
Global
	GlobalSection(SolutionConfigurationPlatforms) = preSolution
		Debug|Any CPU = Debug|Any CPU
		Release|Any CPU = Release|Any CPU
	EndGlobalSection
	GlobalSection(ProjectConfigurationPlatforms) = postSolution
		{EFE48813-37A0-4E85-8892-C7E43BB25BF6}.Debug|Any CPU.ActiveCfg = Debug|Any CPU
		{EFE48813-37A0-4E85-8892-C7E43BB25BF6}.Debug|Any CPU.Build.0 = Debug|Any CPU
		{EFE48813-37A0-4E85-8892-C7E43BB25BF6}.Release|Any CPU.ActiveCfg = Release|Any CPU
		{EFE48813-37A0-4E85-8892-C7E43BB25BF6}.Release|Any CPU.Build.0 = Release|Any CPU
	EndGlobalSection
	GlobalSection(SolutionProperties) = preSolution
		HideSolutionNode = FALSE
	EndGlobalSection
	GlobalSection(ExtensibilityGlobals) = postSolution
		SolutionGuid = {F910FD46-FEC5-487E-984D-6F3309929A33}
	EndGlobalSection
EndGlobal
